
Microsoft Visual Studio Solution File, Format Version 12.00
# Visual Studio 14
VisualStudioVersion = 14.0.25420.1
MinimumVisualStudioVersion = 10.0.40219.1
Project("{FAE04EC0-301F-11D3-BF4B-00C04F79EFBC}") = "Hest.RestClient", "Hest.RestClient\Hest.RestClient.csproj", "{930A4360-14CD-4CF0-B164-1CAB054BB14C}"
EndProject
Project("{FAE04EC0-301F-11D3-BF4B-00C04F79EFBC}") = "Hest.RestClient.Tests", "Hest.RestClient.Tests\Hest.RestClient.Tests.csproj", "{18A0E518-64EF-4CB8-ABC3-9C8E6FFC5925}"
EndProject
Global
	GlobalSection(SolutionConfigurationPlatforms) = preSolution
		Debug|Any CPU = Debug|Any CPU
		Release|Any CPU = Release|Any CPU
	EndGlobalSection
	GlobalSection(ProjectConfigurationPlatforms) = postSolution
		{930A4360-14CD-4CF0-B164-1CAB054BB14C}.Debug|Any CPU.ActiveCfg = Debug|Any CPU
		{930A4360-14CD-4CF0-B164-1CAB054BB14C}.Debug|Any CPU.Build.0 = Debug|Any CPU
		{930A4360-14CD-4CF0-B164-1CAB054BB14C}.Release|Any CPU.ActiveCfg = Release|Any CPU
		{930A4360-14CD-4CF0-B164-1CAB054BB14C}.Release|Any CPU.Build.0 = Release|Any CPU
		{18A0E518-64EF-4CB8-ABC3-9C8E6FFC5925}.Debug|Any CPU.ActiveCfg = Debug|Any CPU
		{18A0E518-64EF-4CB8-ABC3-9C8E6FFC5925}.Debug|Any CPU.Build.0 = Debug|Any CPU
		{18A0E518-64EF-4CB8-ABC3-9C8E6FFC5925}.Release|Any CPU.ActiveCfg = Release|Any CPU
		{18A0E518-64EF-4CB8-ABC3-9C8E6FFC5925}.Release|Any CPU.Build.0 = Release|Any CPU
	EndGlobalSection
	GlobalSection(SolutionProperties) = preSolution
		HideSolutionNode = FALSE
	EndGlobalSection
EndGlobal
